
Microsoft Visual Studio Solution File, Format Version 12.00
# Visual Studio Version 16
VisualStudioVersion = 16.0.30621.155
MinimumVisualStudioVersion = 10.0.40219.1
Project("{9A19103F-16F7-4668-BE54-9A1E7A4F7556}") = "Kampintro", "Kampintro\Kampintro.csproj", "{FEAD5535-51EC-410C-BD1F-B838F4304261}"
EndProject
Project("{9A19103F-16F7-4668-BE54-9A1E7A4F7556}") = "Donguler", "Donguler\Donguler.csproj", "{224B970B-6DD5-4022-AE82-AFCE9ED6C0B8}"
EndProject
Project("{9A19103F-16F7-4668-BE54-9A1E7A4F7556}") = "ClassIntro", "ClassIntro\ClassIntro.csproj", "{1059EAC1-C9CC-4687-9D98-82FD9DDC9A2C}"
EndProject
Project("{9A19103F-16F7-4668-BE54-9A1E7A4F7556}") = "Etrade", "Etrade\Etrade.csproj", "{BE81FE51-BF4E-47E9-9E96-0CEE7472E2C8}"
EndProject
Project("{9A19103F-16F7-4668-BE54-9A1E7A4F7556}") = "Methods", "Methods\Methods.csproj", "{13C27F87-9406-433C-9516-9B39F17F50E1}"
EndProject
Project("{9A19103F-16F7-4668-BE54-9A1E7A4F7556}") = "Matematik", "Matematik\Matematik.csproj", "{5E9C4459-D38F-40C2-8606-CD5715322D4D}"
EndProject
Project("{9A19103F-16F7-4668-BE54-9A1E7A4F7556}") = "DegerVeReferansTipler", "DegerVeReferansTipler\DegerVeReferansTipler.csproj", "{C24AA5E7-C3B7-4C73-9606-30FE6BDC657D}"
EndProject
Project("{9A19103F-16F7-4668-BE54-9A1E7A4F7556}") = "ClassMetotDemo", "ClassMetotDemo\ClassMetotDemo.csproj", "{BA27F338-EFDC-499D-A483-0492BE0E4627}"
EndProject
Project("{9A19103F-16F7-4668-BE54-9A1E7A4F7556}") = "OOP2", "OOP2\OOP2.csproj", "{A05FEAED-2E27-44F5-894C-65F4413FB412}"
EndProject
Project("{9A19103F-16F7-4668-BE54-9A1E7A4F7556}") = "OOP3", "OOP3\OOP3.csproj", "{D3D74244-7C91-450D-8ED7-F04FC35BE179}"
EndProject
Project("{FAE04EC0-301F-11D3-BF4B-00C04F79EFBC}") = "MyList", "MyList\MyList.csproj", "{418047D4-E7DC-4E9A-953A-F3F9FA22DC16}"
EndProject
Project("{FAE04EC0-301F-11D3-BF4B-00C04F79EFBC}") = "DictionaryExercise", "DictionaryExercise\DictionaryExercise.csproj", "{B9C457F2-FE21-438C-8B2C-9B99BBBD4B67}"
EndProject
Global
	GlobalSection(SolutionConfigurationPlatforms) = preSolution
		Debug|Any CPU = Debug|Any CPU
		Release|Any CPU = Release|Any CPU
	EndGlobalSection
	GlobalSection(ProjectConfigurationPlatforms) = postSolution
		{FEAD5535-51EC-410C-BD1F-B838F4304261}.Debug|Any CPU.ActiveCfg = Debug|Any CPU
		{FEAD5535-51EC-410C-BD1F-B838F4304261}.Debug|Any CPU.Build.0 = Debug|Any CPU
		{FEAD5535-51EC-410C-BD1F-B838F4304261}.Release|Any CPU.ActiveCfg = Release|Any CPU
		{FEAD5535-51EC-410C-BD1F-B838F4304261}.Release|Any CPU.Build.0 = Release|Any CPU
		{224B970B-6DD5-4022-AE82-AFCE9ED6C0B8}.Debug|Any CPU.ActiveCfg = Debug|Any CPU
		{224B970B-6DD5-4022-AE82-AFCE9ED6C0B8}.Debug|Any CPU.Build.0 = Debug|Any CPU
		{224B970B-6DD5-4022-AE82-AFCE9ED6C0B8}.Release|Any CPU.ActiveCfg = Release|Any CPU
		{224B970B-6DD5-4022-AE82-AFCE9ED6C0B8}.Release|Any CPU.Build.0 = Release|Any CPU
		{1059EAC1-C9CC-4687-9D98-82FD9DDC9A2C}.Debug|Any CPU.ActiveCfg = Debug|Any CPU
		{1059EAC1-C9CC-4687-9D98-82FD9DDC9A2C}.Debug|Any CPU.Build.0 = Debug|Any CPU
		{1059EAC1-C9CC-4687-9D98-82FD9DDC9A2C}.Release|Any CPU.ActiveCfg = Release|Any CPU
		{1059EAC1-C9CC-4687-9D98-82FD9DDC9A2C}.Release|Any CPU.Build.0 = Release|Any CPU
		{BE81FE51-BF4E-47E9-9E96-0CEE7472E2C8}.Debug|Any CPU.ActiveCfg = Debug|Any CPU
		{BE81FE51-BF4E-47E9-9E96-0CEE7472E2C8}.Debug|Any CPU.Build.0 = Debug|Any CPU
		{BE81FE51-BF4E-47E9-9E96-0CEE7472E2C8}.Release|Any CPU.ActiveCfg = Release|Any CPU
		{BE81FE51-BF4E-47E9-9E96-0CEE7472E2C8}.Release|Any CPU.Build.0 = Release|Any CPU
		{13C27F87-9406-433C-9516-9B39F17F50E1}.Debug|Any CPU.ActiveCfg = Debug|Any CPU
		{13C27F87-9406-433C-9516-9B39F17F50E1}.Debug|Any CPU.Build.0 = Debug|Any CPU
		{13C27F87-9406-433C-9516-9B39F17F50E1}.Release|Any CPU.ActiveCfg = Release|Any CPU
		{13C27F87-9406-433C-9516-9B39F17F50E1}.Release|Any CPU.Build.0 = Release|Any CPU
		{5E9C4459-D38F-40C2-8606-CD5715322D4D}.Debug|Any CPU.ActiveCfg = Debug|Any CPU
		{5E9C4459-D38F-40C2-8606-CD5715322D4D}.Debug|Any CPU.Build.0 = Debug|Any CPU
		{5E9C4459-D38F-40C2-8606-CD5715322D4D}.Release|Any CPU.ActiveCfg = Release|Any CPU
		{5E9C4459-D38F-40C2-8606-CD5715322D4D}.Release|Any CPU.Build.0 = Release|Any CPU
		{C24AA5E7-C3B7-4C73-9606-30FE6BDC657D}.Debug|Any CPU.ActiveCfg = Debug|Any CPU
		{C24AA5E7-C3B7-4C73-9606-30FE6BDC657D}.Debug|Any CPU.Build.0 = Debug|Any CPU
		{C24AA5E7-C3B7-4C73-9606-30FE6BDC657D}.Release|Any CPU.ActiveCfg = Release|Any CPU
		{C24AA5E7-C3B7-4C73-9606-30FE6BDC657D}.Release|Any CPU.Build.0 = Release|Any CPU
		{BA27F338-EFDC-499D-A483-0492BE0E4627}.Debug|Any CPU.ActiveCfg = Debug|Any CPU
		{BA27F338-EFDC-499D-A483-0492BE0E4627}.Debug|Any CPU.Build.0 = Debug|Any CPU
		{BA27F338-EFDC-499D-A483-0492BE0E4627}.Release|Any CPU.ActiveCfg = Release|Any CPU
		{BA27F338-EFDC-499D-A483-0492BE0E4627}.Release|Any CPU.Build.0 = Release|Any CPU
		{A05FEAED-2E27-44F5-894C-65F4413FB412}.Debug|Any CPU.ActiveCfg = Debug|Any CPU
		{A05FEAED-2E27-44F5-894C-65F4413FB412}.Debug|Any CPU.Build.0 = Debug|Any CPU
		{A05FEAED-2E27-44F5-894C-65F4413FB412}.Release|Any CPU.ActiveCfg = Release|Any CPU
		{A05FEAED-2E27-44F5-894C-65F4413FB412}.Release|Any CPU.Build.0 = Release|Any CPU
		{D3D74244-7C91-450D-8ED7-F04FC35BE179}.Debug|Any CPU.ActiveCfg = Debug|Any CPU
		{D3D74244-7C91-450D-8ED7-F04FC35BE179}.Debug|Any CPU.Build.0 = Debug|Any CPU
		{D3D74244-7C91-450D-8ED7-F04FC35BE179}.Release|Any CPU.ActiveCfg = Release|Any CPU
		{D3D74244-7C91-450D-8ED7-F04FC35BE179}.Release|Any CPU.Build.0 = Release|Any CPU
		{418047D4-E7DC-4E9A-953A-F3F9FA22DC16}.Debug|Any CPU.ActiveCfg = Debug|Any CPU
		{418047D4-E7DC-4E9A-953A-F3F9FA22DC16}.Debug|Any CPU.Build.0 = Debug|Any CPU
		{418047D4-E7DC-4E9A-953A-F3F9FA22DC16}.Release|Any CPU.ActiveCfg = Release|Any CPU
		{418047D4-E7DC-4E9A-953A-F3F9FA22DC16}.Release|Any CPU.Build.0 = Release|Any CPU
		{B9C457F2-FE21-438C-8B2C-9B99BBBD4B67}.Debug|Any CPU.ActiveCfg = Debug|Any CPU
		{B9C457F2-FE21-438C-8B2C-9B99BBBD4B67}.Debug|Any CPU.Build.0 = Debug|Any CPU
		{B9C457F2-FE21-438C-8B2C-9B99BBBD4B67}.Release|Any CPU.ActiveCfg = Release|Any CPU
		{B9C457F2-FE21-438C-8B2C-9B99BBBD4B67}.Release|Any CPU.Build.0 = Release|Any CPU
	EndGlobalSection
	GlobalSection(SolutionProperties) = preSolution
		HideSolutionNode = FALSE
	EndGlobalSection
	GlobalSection(ExtensibilityGlobals) = postSolution
		SolutionGuid = {389CC241-CCD2-4E30-ADF0-1CD045DF1EC1}
	EndGlobalSection
EndGlobal
